github.com/gocarina/gocsv v0.0.0-20221105105431-c8ef78125b99 h1:qNAaZUnCulf2xIQc7rM6F3uGYr80h40rtilsVKyAHoM=
github.com/gocarina/gocsv v0.0.0-20221105105431-c8ef78125b99/go.mod h1:5YoVOkjYAQumqlV356Hj3xeYh4BdZuLE0/nRkf2NKkI=
github.com/gorilla/mux v1.8.0 h1:i40aqfkR1h2SlN9hojwV5ZA91wcXFOvkdNIeFDP5koI=
github.com/gorilla/mux v1.8.0/go.mod h1:DVbg23sWSpFRCP0SfiEN6jmj59UnW/n46BH5rLB71So=
